
Microsoft Visual Studio Solution File, Format Version 12.00
# Visual Studio 15
VisualStudioVersion = 15.0.28307.902
MinimumVisualStudioVersion = 10.0.40219.1
Project("{FAE04EC0-301F-11D3-BF4B-00C04F79EFBC}") = "MVCTest", "MVCTest\MVCTest.csproj", "{A9A14B93-5C91-47BF-AA40-69128F92C11E}"
EndProject
Global
	GlobalSection(SolutionConfigurationPlatforms) = preSolution
		Debug|Any CPU = Debug|Any CPU
		Release|Any CPU = Release|Any CPU
	EndGlobalSection
	GlobalSection(ProjectConfigurationPlatforms) = postSolution
		{A9A14B93-5C91-47BF-AA40-69128F92C11E}.Debug|Any CPU.ActiveCfg = Debug|Any CPU
		{A9A14B93-5C91-47BF-AA40-69128F92C11E}.Debug|Any CPU.Build.0 = Debug|Any CPU
		{A9A14B93-5C91-47BF-AA40-69128F92C11E}.Release|Any CPU.ActiveCfg = Release|Any CPU
		{A9A14B93-5C91-47BF-AA40-69128F92C11E}.Release|Any CPU.Build.0 = Release|Any CPU
	EndGlobalSection
	GlobalSection(SolutionProperties) = preSolution
		HideSolutionNode = FALSE
	EndGlobalSection
	GlobalSection(ExtensibilityGlobals) = postSolution
		SolutionGuid = {25A7A457-3171-4FF9-8029-6E942182E7FA}
	EndGlobalSection
EndGlobal
